
Microsoft Visual Studio Solution File, Format Version 12.00
# Visual Studio 14
VisualStudioVersion = 14.0.23107.0
MinimumVisualStudioVersion = 10.0.40219.1
Project("{2150E333-8FDC-42A3-9474-1A3956D46DE8}") = "Game", "Game", "{F097C24E-0F3A-4923-AE20-623961F3CD63}"
EndProject
Project("{2150E333-8FDC-42A3-9474-1A3956D46DE8}") = "Tools", "Tools", "{B7B88261-8C24-4981-9532-EB8DF2FB7B42}"
EndProject
Project("{8BC9CEB8-8B4A-11D0-8D11-00A0C91BC942}") = "BuildAssets", "Code\Game\BuildAssets\BuildAssets.vcxproj", "{3670C64E-AAA0-4056-BF89-744D0276F609}"
	ProjectSection(ProjectDependencies) = postProject
		{4809D228-D68A-4F42-A3A4-68C2C4C59166} = {4809D228-D68A-4F42-A3A4-68C2C4C59166}
		{EC809270-CE46-4204-A0F7-F88A6A4732E9} = {EC809270-CE46-4204-A0F7-F88A6A4732E9}
		{C9BDAC7C-C59A-4367-A21D-0FEDABB93012} = {C9BDAC7C-C59A-4367-A21D-0FEDABB93012}
		{A2823A9B-088F-42F3-8705-0E69B5282EAE} = {A2823A9B-088F-42F3-8705-0E69B5282EAE}
		{DE18299E-57DD-420A-9219-31BCCE5A5BC0} = {DE18299E-57DD-420A-9219-31BCCE5A5BC0}
		{36D4AEA7-A112-4943-84CB-E5074BD3EE3E} = {36D4AEA7-A112-4943-84CB-E5074BD3EE3E}
		{484A13E1-5481-48C5-95E6-43821E564E99} = {484A13E1-5481-48C5-95E6-43821E564E99}
		{ABF804FE-993A-43E2-A242-F3090A290B12} = {ABF804FE-993A-43E2-A242-F3090A290B12}
	EndProjectSection
EndProject
Project("{8BC9CEB8-8B4A-11D0-8D11-00A0C91BC942}") = "Game", "Code\Game\Game\Game.vcxproj", "{433FF686-9527-4C97-8EF4-060152A428B5}"
	ProjectSection(ProjectDependencies) = postProject
		{06F00F02-D352-44A1-B42B-B5C2CEB2567A} = {06F00F02-D352-44A1-B42B-B5C2CEB2567A}
		{6171D809-4113-4F63-B34B-73569DDB3BCA} = {6171D809-4113-4F63-B34B-73569DDB3BCA}
		{552B2876-037A-4A14-8E5B-D73907DF5322} = {552B2876-037A-4A14-8E5B-D73907DF5322}
		{2DB040DD-AF4A-4DE3-93A3-0D4C871345B7} = {2DB040DD-AF4A-4DE3-93A3-0D4C871345B7}
		{136761E4-C684-4AFF-BF27-E946FCF006A1} = {136761E4-C684-4AFF-BF27-E946FCF006A1}
	EndProjectSection
EndProject
Project("{2150E333-8FDC-42A3-9474-1A3956D46DE8}") = "Engine", "Engine", "{2D4555CF-01E7-4B47-B877-B066E50B3D12}"
EndProject
Project("{8BC9CEB8-8B4A-11D0-8D11-00A0C91BC942}") = "Graphics", "Code\Engine\Graphics\Graphics.vcxproj", "{6171D809-4113-4F63-B34B-73569DDB3BCA}"
	ProjectSection(ProjectDependencies) = postProject
		{06F00F02-D352-44A1-B42B-B5C2CEB2567A} = {06F00F02-D352-44A1-B42B-B5C2CEB2567A}
		{B6BC0082-C4EF-4B54-9247-6C5FF414FF2A} = {B6BC0082-C4EF-4B54-9247-6C5FF414FF2A}
		{781AB9C7-6040-4AF8-88DB-DC895E504B94} = {781AB9C7-6040-4AF8-88DB-DC895E504B94}
		{2DB040DD-AF4A-4DE3-93A3-0D4C871345B7} = {2DB040DD-AF4A-4DE3-93A3-0D4C871345B7}
	EndProjectSection
EndProject
Project("{8BC9CEB8-8B4A-11D0-8D11-00A0C91BC942}") = "Windows", "Code\Engine\Windows\Windows.vcxproj", "{2DB040DD-AF4A-4DE3-93A3-0D4C871345B7}"
EndProject
Project("{2150E333-8FDC-42A3-9474-1A3956D46DE8}") = "External", "External", "{AC2831A2-9182-4935-B323-73B3EC806D1E}"
EndProject
Project("{8BC9CEB8-8B4A-11D0-8D11-00A0C91BC942}") = "OpenGlExtensions", "Code\External\OpenGlExtensions\OpenGlExtensions.vcxproj", "{B6BC0082-C4EF-4B54-9247-6C5FF414FF2A}"
	ProjectSection(ProjectDependencies) = postProject
		{2DB040DD-AF4A-4DE3-93A3-0D4C871345B7} = {2DB040DD-AF4A-4DE3-93A3-0D4C871345B7}
	EndProjectSection
EndProject
Project("{8BC9CEB8-8B4A-11D0-8D11-00A0C91BC942}") = "UserOutput", "Code\Engine\UserOutput\UserOutput.vcxproj", "{781AB9C7-6040-4AF8-88DB-DC895E504B94}"
EndProject
Project("{8BC9CEB8-8B4A-11D0-8D11-00A0C91BC942}") = "Lua", "Code\External\Lua\Lua.vcxproj", "{45CDCFF0-7F57-457F-9706-C3C15E7EA597}"
EndProject
Project("{8BC9CEB8-8B4A-11D0-8D11-00A0C91BC942}") = "LuaC", "Code\External\Lua\LuaC.vcxproj", "{393119AF-5F33-4130-9BE8-8A59EEBED07E}"
	ProjectSection(ProjectDependencies) = postProject
		{45CDCFF0-7F57-457F-9706-C3C15E7EA597} = {45CDCFF0-7F57-457F-9706-C3C15E7EA597}
	EndProjectSection
EndProject
Project("{8BC9CEB8-8B4A-11D0-8D11-00A0C91BC942}") = "LuaExe", "Code\External\Lua\LuaExe.vcxproj", "{9653A255-0309-403F-9193-DE569343011F}"
	ProjectSection(ProjectDependencies) = postProject
		{45CDCFF0-7F57-457F-9706-C3C15E7EA597} = {45CDCFF0-7F57-457F-9706-C3C15E7EA597}
	EndProjectSection
EndProject
Project("{8BC9CEB8-8B4A-11D0-8D11-00A0C91BC942}") = "AssetBuilder", "Code\Tools\AssetBuilder\AssetBuilder.vcxproj", "{ABF804FE-993A-43E2-A242-F3090A290B12}"
	ProjectSection(ProjectDependencies) = postProject
		{5F8004A7-75AD-49AC-85C7-96D9B9F19533} = {5F8004A7-75AD-49AC-85C7-96D9B9F19533}
		{781AB9C7-6040-4AF8-88DB-DC895E504B94} = {781AB9C7-6040-4AF8-88DB-DC895E504B94}
		{2DB040DD-AF4A-4DE3-93A3-0D4C871345B7} = {2DB040DD-AF4A-4DE3-93A3-0D4C871345B7}
		{45CDCFF0-7F57-457F-9706-C3C15E7EA597} = {45CDCFF0-7F57-457F-9706-C3C15E7EA597}
	EndProjectSection
EndProject
Project("{8BC9CEB8-8B4A-11D0-8D11-00A0C91BC942}") = "BuilderHelper", "Code\Tools\BuilderHelper\BuilderHelper.vcxproj", "{5F8004A7-75AD-49AC-85C7-96D9B9F19533}"
EndProject
Project("{8BC9CEB8-8B4A-11D0-8D11-00A0C91BC942}") = "GenericBuilder", "Code\Tools\GenericBuilder\GenericBuilder.vcxproj", "{C9BDAC7C-C59A-4367-A21D-0FEDABB93012}"
	ProjectSection(ProjectDependencies) = postProject
		{5F8004A7-75AD-49AC-85C7-96D9B9F19533} = {5F8004A7-75AD-49AC-85C7-96D9B9F19533}
		{2DB040DD-AF4A-4DE3-93A3-0D4C871345B7} = {2DB040DD-AF4A-4DE3-93A3-0D4C871345B7}
	EndProjectSection
EndProject
Project("{8BC9CEB8-8B4A-11D0-8D11-00A0C91BC942}") = "MeshBuilder", "Code\Tools\MeshBuilder\MeshBuilder.vcxproj", "{484A13E1-5481-48C5-95E6-43821E564E99}"
	ProjectSection(ProjectDependencies) = postProject
		{5F8004A7-75AD-49AC-85C7-96D9B9F19533} = {5F8004A7-75AD-49AC-85C7-96D9B9F19533}
		{2DB040DD-AF4A-4DE3-93A3-0D4C871345B7} = {2DB040DD-AF4A-4DE3-93A3-0D4C871345B7}
		{45CDCFF0-7F57-457F-9706-C3C15E7EA597} = {45CDCFF0-7F57-457F-9706-C3C15E7EA597}
	EndProjectSection
EndProject
Project("{8BC9CEB8-8B4A-11D0-8D11-00A0C91BC942}") = "Math", "Code\Engine\Math\Math.vcxproj", "{06F00F02-D352-44A1-B42B-B5C2CEB2567A}"
EndProject
Project("{8BC9CEB8-8B4A-11D0-8D11-00A0C91BC942}") = "Time", "Code\Engine\Time\Time.vcxproj", "{136761E4-C684-4AFF-BF27-E946FCF006A1}"
	ProjectSection(ProjectDependencies) = postProject
		{2DB040DD-AF4A-4DE3-93A3-0D4C871345B7} = {2DB040DD-AF4A-4DE3-93A3-0D4C871345B7}
	EndProjectSection
EndProject
Project("{8BC9CEB8-8B4A-11D0-8D11-00A0C91BC942}") = "UserInput", "Code\Engine\UserInput\UserInput.vcxproj", "{552B2876-037A-4A14-8E5B-D73907DF5322}"
EndProject
Project("{8BC9CEB8-8B4A-11D0-8D11-00A0C91BC942}") = "EffectBuilder", "Code\Tools\EffectBuilder\EffectBuilder.vcxproj", "{4809D228-D68A-4F42-A3A4-68C2C4C59166}"
	ProjectSection(ProjectDependencies) = postProject
		{5F8004A7-75AD-49AC-85C7-96D9B9F19533} = {5F8004A7-75AD-49AC-85C7-96D9B9F19533}
		{2DB040DD-AF4A-4DE3-93A3-0D4C871345B7} = {2DB040DD-AF4A-4DE3-93A3-0D4C871345B7}
		{45CDCFF0-7F57-457F-9706-C3C15E7EA597} = {45CDCFF0-7F57-457F-9706-C3C15E7EA597}
	EndProjectSection
EndProject
Project("{8BC9CEB8-8B4A-11D0-8D11-00A0C91BC942}") = "Mcpp", "Code\External\Mcpp\Mcpp.vcxproj", "{4228BC52-904F-4BA2-B78E-7BCB85068A82}"
EndProject
Project("{8BC9CEB8-8B4A-11D0-8D11-00A0C91BC942}") = "FragmentShaderBuilder", "Code\Tools\FragmentShaderBuilder\FragmentShaderBuilder.vcxproj", "{36D4AEA7-A112-4943-84CB-E5074BD3EE3E}"
	ProjectSection(ProjectDependencies) = postProject
		{4228BC52-904F-4BA2-B78E-7BCB85068A82} = {4228BC52-904F-4BA2-B78E-7BCB85068A82}
		{5F8004A7-75AD-49AC-85C7-96D9B9F19533} = {5F8004A7-75AD-49AC-85C7-96D9B9F19533}
		{2DB040DD-AF4A-4DE3-93A3-0D4C871345B7} = {2DB040DD-AF4A-4DE3-93A3-0D4C871345B7}
	EndProjectSection
EndProject
Project("{8BC9CEB8-8B4A-11D0-8D11-00A0C91BC942}") = "VertexShaderBuilder", "Code\Tools\VertexShaderBuilder\VertexShaderBuilder.vcxproj", "{EC809270-CE46-4204-A0F7-F88A6A4732E9}"
	ProjectSection(ProjectDependencies) = postProject
		{4228BC52-904F-4BA2-B78E-7BCB85068A82} = {4228BC52-904F-4BA2-B78E-7BCB85068A82}
		{5F8004A7-75AD-49AC-85C7-96D9B9F19533} = {5F8004A7-75AD-49AC-85C7-96D9B9F19533}
		{2DB040DD-AF4A-4DE3-93A3-0D4C871345B7} = {2DB040DD-AF4A-4DE3-93A3-0D4C871345B7}
	EndProjectSection
EndProject
Project("{8BC9CEB8-8B4A-11D0-8D11-00A0C91BC942}") = "MayaMeshExporter", "Code\Tools\MayaMeshExporter\MayaMeshExporter.vcxproj", "{70B81970-5665-4429-B2B2-7F6FCED5AB84}"
EndProject
Project("{8BC9CEB8-8B4A-11D0-8D11-00A0C91BC942}") = "MaterialBuilder", "Code\Tools\MaterialBuilder\MaterialBuilder.vcxproj", "{A2823A9B-088F-42F3-8705-0E69B5282EAE}"
	ProjectSection(ProjectDependencies) = postProject
		{5F8004A7-75AD-49AC-85C7-96D9B9F19533} = {5F8004A7-75AD-49AC-85C7-96D9B9F19533}
		{2DB040DD-AF4A-4DE3-93A3-0D4C871345B7} = {2DB040DD-AF4A-4DE3-93A3-0D4C871345B7}
		{45CDCFF0-7F57-457F-9706-C3C15E7EA597} = {45CDCFF0-7F57-457F-9706-C3C15E7EA597}
	EndProjectSection
EndProject
Project("{8BC9CEB8-8B4A-11D0-8D11-00A0C91BC942}") = "TextureBuilder", "Code\Tools\TextureBuilder\TextureBuilder.vcxproj", "{DE18299E-57DD-420A-9219-31BCCE5A5BC0}"
	ProjectSection(ProjectDependencies) = postProject
		{5F8004A7-75AD-49AC-85C7-96D9B9F19533} = {5F8004A7-75AD-49AC-85C7-96D9B9F19533}
	EndProjectSection
EndProject
Global
	GlobalSection(SolutionConfigurationPlatforms) = preSolution
		Debug|Direct3D_64 = Debug|Direct3D_64
		Debug|OpenGL_32 = Debug|OpenGL_32
		Release|Direct3D_64 = Release|Direct3D_64
		Release|OpenGL_32 = Release|OpenGL_32
	EndGlobalSection
	GlobalSection(ProjectConfigurationPlatforms) = postSolution
		{3670C64E-AAA0-4056-BF89-744D0276F609}.Debug|Direct3D_64.ActiveCfg = Debug|x64
		{3670C64E-AAA0-4056-BF89-744D0276F609}.Debug|Direct3D_64.Build.0 = Debug|x64
		{3670C64E-AAA0-4056-BF89-744D0276F609}.Debug|OpenGL_32.ActiveCfg = Debug|Win32
		{3670C64E-AAA0-4056-BF89-744D0276F609}.Debug|OpenGL_32.Build.0 = Debug|Win32
		{3670C64E-AAA0-4056-BF89-744D0276F609}.Release|Direct3D_64.ActiveCfg = Release|x64
		{3670C64E-AAA0-4056-BF89-744D0276F609}.Release|Direct3D_64.Build.0 = Release|x64
		{3670C64E-AAA0-4056-BF89-744D0276F609}.Release|OpenGL_32.ActiveCfg = Release|Win32
		{3670C64E-AAA0-4056-BF89-744D0276F609}.Release|OpenGL_32.Build.0 = Release|Win32
		{433FF686-9527-4C97-8EF4-060152A428B5}.Debug|Direct3D_64.ActiveCfg = Debug|x64
		{433FF686-9527-4C97-8EF4-060152A428B5}.Debug|Direct3D_64.Build.0 = Debug|x64
		{433FF686-9527-4C97-8EF4-060152A428B5}.Debug|OpenGL_32.ActiveCfg = Debug|Win32
		{433FF686-9527-4C97-8EF4-060152A428B5}.Debug|OpenGL_32.Build.0 = Debug|Win32
		{433FF686-9527-4C97-8EF4-060152A428B5}.Release|Direct3D_64.ActiveCfg = Release|x64
		{433FF686-9527-4C97-8EF4-060152A428B5}.Release|Direct3D_64.Build.0 = Release|x64
		{433FF686-9527-4C97-8EF4-060152A428B5}.Release|OpenGL_32.ActiveCfg = Release|Win32
		{433FF686-9527-4C97-8EF4-060152A428B5}.Release|OpenGL_32.Build.0 = Release|Win32
		{6171D809-4113-4F63-B34B-73569DDB3BCA}.Debug|Direct3D_64.ActiveCfg = Debug|x64
		{6171D809-4113-4F63-B34B-73569DDB3BCA}.Debug|Direct3D_64.Build.0 = Debug|x64
		{6171D809-4113-4F63-B34B-73569DDB3BCA}.Debug|OpenGL_32.ActiveCfg = Debug|Win32
		{6171D809-4113-4F63-B34B-73569DDB3BCA}.Debug|OpenGL_32.Build.0 = Debug|Win32
		{6171D809-4113-4F63-B34B-73569DDB3BCA}.Release|Direct3D_64.ActiveCfg = Release|x64
		{6171D809-4113-4F63-B34B-73569DDB3BCA}.Release|Direct3D_64.Build.0 = Release|x64
		{6171D809-4113-4F63-B34B-73569DDB3BCA}.Release|OpenGL_32.ActiveCfg = Release|Win32
		{6171D809-4113-4F63-B34B-73569DDB3BCA}.Release|OpenGL_32.Build.0 = Release|Win32
		{2DB040DD-AF4A-4DE3-93A3-0D4C871345B7}.Debug|Direct3D_64.ActiveCfg = Debug|x64
		{2DB040DD-AF4A-4DE3-93A3-0D4C871345B7}.Debug|Direct3D_64.Build.0 = Debug|x64
		{2DB040DD-AF4A-4DE3-93A3-0D4C871345B7}.Debug|OpenGL_32.ActiveCfg = Debug|Win32
		{2DB040DD-AF4A-4DE3-93A3-0D4C871345B7}.Debug|OpenGL_32.Build.0 = Debug|Win32
		{2DB040DD-AF4A-4DE3-93A3-0D4C871345B7}.Release|Direct3D_64.ActiveCfg = Release|x64
		{2DB040DD-AF4A-4DE3-93A3-0D4C871345B7}.Release|Direct3D_64.Build.0 = Release|x64
		{2DB040DD-AF4A-4DE3-93A3-0D4C871345B7}.Release|OpenGL_32.ActiveCfg = Release|Win32
		{2DB040DD-AF4A-4DE3-93A3-0D4C871345B7}.Release|OpenGL_32.Build.0 = Release|Win32
		{B6BC0082-C4EF-4B54-9247-6C5FF414FF2A}.Debug|Direct3D_64.ActiveCfg = Debug|x64
		{B6BC0082-C4EF-4B54-9247-6C5FF414FF2A}.Debug|OpenGL_32.ActiveCfg = Debug|Win32
		{B6BC0082-C4EF-4B54-9247-6C5FF414FF2A}.Debug|OpenGL_32.Build.0 = Debug|Win32
		{B6BC0082-C4EF-4B54-9247-6C5FF414FF2A}.Release|Direct3D_64.ActiveCfg = Release|x64
		{B6BC0082-C4EF-4B54-9247-6C5FF414FF2A}.Release|OpenGL_32.ActiveCfg = Release|Win32
		{B6BC0082-C4EF-4B54-9247-6C5FF414FF2A}.Release|OpenGL_32.Build.0 = Release|Win32
		{781AB9C7-6040-4AF8-88DB-DC895E504B94}.Debug|Direct3D_64.ActiveCfg = Debug|x64
		{781AB9C7-6040-4AF8-88DB-DC895E504B94}.Debug|Direct3D_64.Build.0 = Debug|x64
		{781AB9C7-6040-4AF8-88DB-DC895E504B94}.Debug|OpenGL_32.ActiveCfg = Debug|Win32
		{781AB9C7-6040-4AF8-88DB-DC895E504B94}.Debug|OpenGL_32.Build.0 = Debug|Win32
		{781AB9C7-6040-4AF8-88DB-DC895E504B94}.Release|Direct3D_64.ActiveCfg = Release|x64
		{781AB9C7-6040-4AF8-88DB-DC895E504B94}.Release|Direct3D_64.Build.0 = Release|x64
		{781AB9C7-6040-4AF8-88DB-DC895E504B94}.Release|OpenGL_32.ActiveCfg = Release|Win32
		{781AB9C7-6040-4AF8-88DB-DC895E504B94}.Release|OpenGL_32.Build.0 = Release|Win32
		{45CDCFF0-7F57-457F-9706-C3C15E7EA597}.Debug|Direct3D_64.ActiveCfg = Debug|x64
		{45CDCFF0-7F57-457F-9706-C3C15E7EA597}.Debug|Direct3D_64.Build.0 = Debug|x64
		{45CDCFF0-7F57-457F-9706-C3C15E7EA597}.Debug|OpenGL_32.ActiveCfg = Debug|Win32
		{45CDCFF0-7F57-457F-9706-C3C15E7EA597}.Debug|OpenGL_32.Build.0 = Debug|Win32
		{45CDCFF0-7F57-457F-9706-C3C15E7EA597}.Release|Direct3D_64.ActiveCfg = Release|x64
		{45CDCFF0-7F57-457F-9706-C3C15E7EA597}.Release|Direct3D_64.Build.0 = Release|x64
		{45CDCFF0-7F57-457F-9706-C3C15E7EA597}.Release|OpenGL_32.ActiveCfg = Release|Win32
		{45CDCFF0-7F57-457F-9706-C3C15E7EA597}.Release|OpenGL_32.Build.0 = Release|Win32
		{393119AF-5F33-4130-9BE8-8A59EEBED07E}.Debug|Direct3D_64.ActiveCfg = Debug|x64
		{393119AF-5F33-4130-9BE8-8A59EEBED07E}.Debug|Direct3D_64.Build.0 = Debug|x64
		{393119AF-5F33-4130-9BE8-8A59EEBED07E}.Debug|OpenGL_32.ActiveCfg = Debug|Win32
		{393119AF-5F33-4130-9BE8-8A59EEBED07E}.Debug|OpenGL_32.Build.0 = Debug|Win32
		{393119AF-5F33-4130-9BE8-8A59EEBED07E}.Release|Direct3D_64.ActiveCfg = Release|x64
		{393119AF-5F33-4130-9BE8-8A59EEBED07E}.Release|Direct3D_64.Build.0 = Release|x64
		{393119AF-5F33-4130-9BE8-8A59EEBED07E}.Release|OpenGL_32.ActiveCfg = Release|Win32
		{393119AF-5F33-4130-9BE8-8A59EEBED07E}.Release|OpenGL_32.Build.0 = Release|Win32
		{9653A255-0309-403F-9193-DE569343011F}.Debug|Direct3D_64.ActiveCfg = Debug|x64
		{9653A255-0309-403F-9193-DE569343011F}.Debug|Direct3D_64.Build.0 = Debug|x64
		{9653A255-0309-403F-9193-DE569343011F}.Debug|OpenGL_32.ActiveCfg = Debug|Win32
		{9653A255-0309-403F-9193-DE569343011F}.Debug|OpenGL_32.Build.0 = Debug|Win32
		{9653A255-0309-403F-9193-DE569343011F}.Release|Direct3D_64.ActiveCfg = Release|x64
		{9653A255-0309-403F-9193-DE569343011F}.Release|Direct3D_64.Build.0 = Release|x64
		{9653A255-0309-403F-9193-DE569343011F}.Release|OpenGL_32.ActiveCfg = Release|Win32
		{9653A255-0309-403F-9193-DE569343011F}.Release|OpenGL_32.Build.0 = Release|Win32
		{ABF804FE-993A-43E2-A242-F3090A290B12}.Debug|Direct3D_64.ActiveCfg = Debug|x64
		{ABF804FE-993A-43E2-A242-F3090A290B12}.Debug|Direct3D_64.Build.0 = Debug|x64
		{ABF804FE-993A-43E2-A242-F3090A290B12}.Debug|OpenGL_32.ActiveCfg = Debug|Win32
		{ABF804FE-993A-43E2-A242-F3090A290B12}.Debug|OpenGL_32.Build.0 = Debug|Win32
		{ABF804FE-993A-43E2-A242-F3090A290B12}.Release|Direct3D_64.ActiveCfg = Release|x64
		{ABF804FE-993A-43E2-A242-F3090A290B12}.Release|Direct3D_64.Build.0 = Release|x64
		{ABF804FE-993A-43E2-A242-F3090A290B12}.Release|OpenGL_32.ActiveCfg = Release|Win32
		{ABF804FE-993A-43E2-A242-F3090A290B12}.Release|OpenGL_32.Build.0 = Release|Win32
		{5F8004A7-75AD-49AC-85C7-96D9B9F19533}.Debug|Direct3D_64.ActiveCfg = Debug|x64
		{5F8004A7-75AD-49AC-85C7-96D9B9F19533}.Debug|Direct3D_64.Build.0 = Debug|x64
		{5F8004A7-75AD-49AC-85C7-96D9B9F19533}.Debug|OpenGL_32.ActiveCfg = Debug|Win32
		{5F8004A7-75AD-49AC-85C7-96D9B9F19533}.Debug|OpenGL_32.Build.0 = Debug|Win32
		{5F8004A7-75AD-49AC-85C7-96D9B9F19533}.Release|Direct3D_64.ActiveCfg = Release|x64
		{5F8004A7-75AD-49AC-85C7-96D9B9F19533}.Release|Direct3D_64.Build.0 = Release|x64
		{5F8004A7-75AD-49AC-85C7-96D9B9F19533}.Release|OpenGL_32.ActiveCfg = Release|Win32
		{5F8004A7-75AD-49AC-85C7-96D9B9F19533}.Release|OpenGL_32.Build.0 = Release|Win32
		{C9BDAC7C-C59A-4367-A21D-0FEDABB93012}.Debug|Direct3D_64.ActiveCfg = Debug|x64
		{C9BDAC7C-C59A-4367-A21D-0FEDABB93012}.Debug|Direct3D_64.Build.0 = Debug|x64
		{C9BDAC7C-C59A-4367-A21D-0FEDABB93012}.Debug|OpenGL_32.ActiveCfg = Debug|Win32
		{C9BDAC7C-C59A-4367-A21D-0FEDABB93012}.Debug|OpenGL_32.Build.0 = Debug|Win32
		{C9BDAC7C-C59A-4367-A21D-0FEDABB93012}.Release|Direct3D_64.ActiveCfg = Release|x64
		{C9BDAC7C-C59A-4367-A21D-0FEDABB93012}.Release|Direct3D_64.Build.0 = Release|x64
		{C9BDAC7C-C59A-4367-A21D-0FEDABB93012}.Release|OpenGL_32.ActiveCfg = Release|Win32
		{C9BDAC7C-C59A-4367-A21D-0FEDABB93012}.Release|OpenGL_32.Build.0 = Release|Win32
		{484A13E1-5481-48C5-95E6-43821E564E99}.Debug|Direct3D_64.ActiveCfg = Debug|x64
		{484A13E1-5481-48C5-95E6-43821E564E99}.Debug|Direct3D_64.Build.0 = Debug|x64
		{484A13E1-5481-48C5-95E6-43821E564E99}.Debug|OpenGL_32.ActiveCfg = Debug|Win32
		{484A13E1-5481-48C5-95E6-43821E564E99}.Debug|OpenGL_32.Build.0 = Debug|Win32
		{484A13E1-5481-48C5-95E6-43821E564E99}.Release|Direct3D_64.ActiveCfg = Release|x64
		{484A13E1-5481-48C5-95E6-43821E564E99}.Release|Direct3D_64.Build.0 = Release|x64
		{484A13E1-5481-48C5-95E6-43821E564E99}.Release|OpenGL_32.ActiveCfg = Release|Win32
		{484A13E1-5481-48C5-95E6-43821E564E99}.Release|OpenGL_32.Build.0 = Release|Win32
		{06F00F02-D352-44A1-B42B-B5C2CEB2567A}.Debug|Direct3D_64.ActiveCfg = Debug|x64
		{06F00F02-D352-44A1-B42B-B5C2CEB2567A}.Debug|Direct3D_64.Build.0 = Debug|x64
		{06F00F02-D352-44A1-B42B-B5C2CEB2567A}.Debug|OpenGL_32.ActiveCfg = Debug|Win32
		{06F00F02-D352-44A1-B42B-B5C2CEB2567A}.Debug|OpenGL_32.Build.0 = Debug|Win32
		{06F00F02-D352-44A1-B42B-B5C2CEB2567A}.Release|Direct3D_64.ActiveCfg = Release|x64
		{06F00F02-D352-44A1-B42B-B5C2CEB2567A}.Release|Direct3D_64.Build.0 = Release|x64
		{06F00F02-D352-44A1-B42B-B5C2CEB2567A}.Release|OpenGL_32.ActiveCfg = Release|Win32
		{06F00F02-D352-44A1-B42B-B5C2CEB2567A}.Release|OpenGL_32.Build.0 = Release|Win32
		{136761E4-C684-4AFF-BF27-E946FCF006A1}.Debug|Direct3D_64.ActiveCfg = Debug|x64
		{136761E4-C684-4AFF-BF27-E946FCF006A1}.Debug|Direct3D_64.Build.0 = Debug|x64
		{136761E4-C684-4AFF-BF27-E946FCF006A1}.Debug|OpenGL_32.ActiveCfg = Debug|Win32
		{136761E4-C684-4AFF-BF27-E946FCF006A1}.Debug|OpenGL_32.Build.0 = Debug|Win32
		{136761E4-C684-4AFF-BF27-E946FCF006A1}.Release|Direct3D_64.ActiveCfg = Release|x64
		{136761E4-C684-4AFF-BF27-E946FCF006A1}.Release|Direct3D_64.Build.0 = Release|x64
		{136761E4-C684-4AFF-BF27-E946FCF006A1}.Release|OpenGL_32.ActiveCfg = Release|Win32
		{136761E4-C684-4AFF-BF27-E946FCF006A1}.Release|OpenGL_32.Build.0 = Release|Win32
		{552B2876-037A-4A14-8E5B-D73907DF5322}.Debug|Direct3D_64.ActiveCfg = Debug|x64
		{552B2876-037A-4A14-8E5B-D73907DF5322}.Debug|Direct3D_64.Build.0 = Debug|x64
		{552B2876-037A-4A14-8E5B-D73907DF5322}.Debug|OpenGL_32.ActiveCfg = Debug|Win32
		{552B2876-037A-4A14-8E5B-D73907DF5322}.Debug|OpenGL_32.Build.0 = Debug|Win32
		{552B2876-037A-4A14-8E5B-D73907DF5322}.Release|Direct3D_64.ActiveCfg = Release|x64
		{552B2876-037A-4A14-8E5B-D73907DF5322}.Release|Direct3D_64.Build.0 = Release|x64
		{552B2876-037A-4A14-8E5B-D73907DF5322}.Release|OpenGL_32.ActiveCfg = Release|Win32
		{552B2876-037A-4A14-8E5B-D73907DF5322}.Release|OpenGL_32.Build.0 = Release|Win32
		{4809D228-D68A-4F42-A3A4-68C2C4C59166}.Debug|Direct3D_64.ActiveCfg = Debug|x64
		{4809D228-D68A-4F42-A3A4-68C2C4C59166}.Debug|Direct3D_64.Build.0 = Debug|x64
		{4809D228-D68A-4F42-A3A4-68C2C4C59166}.Debug|OpenGL_32.ActiveCfg = Debug|Win32
		{4809D228-D68A-4F42-A3A4-68C2C4C59166}.Debug|OpenGL_32.Build.0 = Debug|Win32
		{4809D228-D68A-4F42-A3A4-68C2C4C59166}.Release|Direct3D_64.ActiveCfg = Release|x64
		{4809D228-D68A-4F42-A3A4-68C2C4C59166}.Release|Direct3D_64.Build.0 = Release|x64
		{4809D228-D68A-4F42-A3A4-68C2C4C59166}.Release|OpenGL_32.ActiveCfg = Release|Win32
		{4809D228-D68A-4F42-A3A4-68C2C4C59166}.Release|OpenGL_32.Build.0 = Release|Win32
		{4228BC52-904F-4BA2-B78E-7BCB85068A82}.Debug|Direct3D_64.ActiveCfg = Debug|x64
		{4228BC52-904F-4BA2-B78E-7BCB85068A82}.Debug|OpenGL_32.ActiveCfg = Debug|Win32
		{4228BC52-904F-4BA2-B78E-7BCB85068A82}.Debug|OpenGL_32.Build.0 = Debug|Win32
		{4228BC52-904F-4BA2-B78E-7BCB85068A82}.Release|Direct3D_64.ActiveCfg = Release|x64
		{4228BC52-904F-4BA2-B78E-7BCB85068A82}.Release|OpenGL_32.ActiveCfg = Release|Win32
		{4228BC52-904F-4BA2-B78E-7BCB85068A82}.Release|OpenGL_32.Build.0 = Release|Win32
		{36D4AEA7-A112-4943-84CB-E5074BD3EE3E}.Debug|Direct3D_64.ActiveCfg = Debug|x64
		{36D4AEA7-A112-4943-84CB-E5074BD3EE3E}.Debug|Direct3D_64.Build.0 = Debug|x64
		{36D4AEA7-A112-4943-84CB-E5074BD3EE3E}.Debug|OpenGL_32.ActiveCfg = Debug|Win32
		{36D4AEA7-A112-4943-84CB-E5074BD3EE3E}.Debug|OpenGL_32.Build.0 = Debug|Win32
		{36D4AEA7-A112-4943-84CB-E5074BD3EE3E}.Release|Direct3D_64.ActiveCfg = Release|x64
		{36D4AEA7-A112-4943-84CB-E5074BD3EE3E}.Release|Direct3D_64.Build.0 = Release|x64
		{36D4AEA7-A112-4943-84CB-E5074BD3EE3E}.Release|OpenGL_32.ActiveCfg = Release|Win32
		{36D4AEA7-A112-4943-84CB-E5074BD3EE3E}.Release|OpenGL_32.Build.0 = Release|Win32
		{EC809270-CE46-4204-A0F7-F88A6A4732E9}.Debug|Direct3D_64.ActiveCfg = Debug|x64
		{EC809270-CE46-4204-A0F7-F88A6A4732E9}.Debug|Direct3D_64.Build.0 = Debug|x64
		{EC809270-CE46-4204-A0F7-F88A6A4732E9}.Debug|OpenGL_32.ActiveCfg = Debug|Win32
		{EC809270-CE46-4204-A0F7-F88A6A4732E9}.Debug|OpenGL_32.Build.0 = Debug|Win32
		{EC809270-CE46-4204-A0F7-F88A6A4732E9}.Release|Direct3D_64.ActiveCfg = Release|x64
		{EC809270-CE46-4204-A0F7-F88A6A4732E9}.Release|Direct3D_64.Build.0 = Release|x64
		{EC809270-CE46-4204-A0F7-F88A6A4732E9}.Release|OpenGL_32.ActiveCfg = Release|Win32
		{EC809270-CE46-4204-A0F7-F88A6A4732E9}.Release|OpenGL_32.Build.0 = Release|Win32
		{70B81970-5665-4429-B2B2-7F6FCED5AB84}.Debug|Direct3D_64.ActiveCfg = Debug|x64
		{70B81970-5665-4429-B2B2-7F6FCED5AB84}.Debug|Direct3D_64.Build.0 = Debug|x64
		{70B81970-5665-4429-B2B2-7F6FCED5AB84}.Debug|OpenGL_32.ActiveCfg = Debug|x64
		{70B81970-5665-4429-B2B2-7F6FCED5AB84}.Debug|OpenGL_32.Build.0 = Debug|x64
		{70B81970-5665-4429-B2B2-7F6FCED5AB84}.Release|Direct3D_64.ActiveCfg = Release|x64
		{70B81970-5665-4429-B2B2-7F6FCED5AB84}.Release|Direct3D_64.Build.0 = Release|x64
		{70B81970-5665-4429-B2B2-7F6FCED5AB84}.Release|OpenGL_32.ActiveCfg = Release|x64
		{70B81970-5665-4429-B2B2-7F6FCED5AB84}.Release|OpenGL_32.Build.0 = Release|x64
		{A2823A9B-088F-42F3-8705-0E69B5282EAE}.Debug|Direct3D_64.ActiveCfg = Debug|x64
		{A2823A9B-088F-42F3-8705-0E69B5282EAE}.Debug|Direct3D_64.Build.0 = Debug|x64
		{A2823A9B-088F-42F3-8705-0E69B5282EAE}.Debug|OpenGL_32.ActiveCfg = Debug|Win32
		{A2823A9B-088F-42F3-8705-0E69B5282EAE}.Debug|OpenGL_32.Build.0 = Debug|Win32
		{A2823A9B-088F-42F3-8705-0E69B5282EAE}.Release|Direct3D_64.ActiveCfg = Release|x64
		{A2823A9B-088F-42F3-8705-0E69B5282EAE}.Release|Direct3D_64.Build.0 = Release|x64
		{A2823A9B-088F-42F3-8705-0E69B5282EAE}.Release|OpenGL_32.ActiveCfg = Release|Win32
		{A2823A9B-088F-42F3-8705-0E69B5282EAE}.Release|OpenGL_32.Build.0 = Release|Win32
		{DE18299E-57DD-420A-9219-31BCCE5A5BC0}.Debug|Direct3D_64.ActiveCfg = Debug|x64
		{DE18299E-57DD-420A-9219-31BCCE5A5BC0}.Debug|Direct3D_64.Build.0 = Debug|x64
		{DE18299E-57DD-420A-9219-31BCCE5A5BC0}.Debug|OpenGL_32.ActiveCfg = Debug|Win32
		{DE18299E-57DD-420A-9219-31BCCE5A5BC0}.Debug|OpenGL_32.Build.0 = Debug|Win32
		{DE18299E-57DD-420A-9219-31BCCE5A5BC0}.Release|Direct3D_64.ActiveCfg = Release|x64
		{DE18299E-57DD-420A-9219-31BCCE5A5BC0}.Release|Direct3D_64.Build.0 = Release|x64
		{DE18299E-57DD-420A-9219-31BCCE5A5BC0}.Release|OpenGL_32.ActiveCfg = Release|Win32
		{DE18299E-57DD-420A-9219-31BCCE5A5BC0}.Release|OpenGL_32.Build.0 = Release|Win32
	EndGlobalSection
	GlobalSection(SolutionProperties) = preSolution
		HideSolutionNode = FALSE
	EndGlobalSection
	GlobalSection(NestedProjects) = preSolution
		{3670C64E-AAA0-4056-BF89-744D0276F609} = {F097C24E-0F3A-4923-AE20-623961F3CD63}
		{433FF686-9527-4C97-8EF4-060152A428B5} = {F097C24E-0F3A-4923-AE20-623961F3CD63}
		{6171D809-4113-4F63-B34B-73569DDB3BCA} = {2D4555CF-01E7-4B47-B877-B066E50B3D12}
		{2DB040DD-AF4A-4DE3-93A3-0D4C871345B7} = {2D4555CF-01E7-4B47-B877-B066E50B3D12}
		{B6BC0082-C4EF-4B54-9247-6C5FF414FF2A} = {AC2831A2-9182-4935-B323-73B3EC806D1E}
		{781AB9C7-6040-4AF8-88DB-DC895E504B94} = {2D4555CF-01E7-4B47-B877-B066E50B3D12}
		{45CDCFF0-7F57-457F-9706-C3C15E7EA597} = {AC2831A2-9182-4935-B323-73B3EC806D1E}
		{393119AF-5F33-4130-9BE8-8A59EEBED07E} = {AC2831A2-9182-4935-B323-73B3EC806D1E}
		{9653A255-0309-403F-9193-DE569343011F} = {AC2831A2-9182-4935-B323-73B3EC806D1E}
		{ABF804FE-993A-43E2-A242-F3090A290B12} = {B7B88261-8C24-4981-9532-EB8DF2FB7B42}
		{5F8004A7-75AD-49AC-85C7-96D9B9F19533} = {B7B88261-8C24-4981-9532-EB8DF2FB7B42}
		{C9BDAC7C-C59A-4367-A21D-0FEDABB93012} = {B7B88261-8C24-4981-9532-EB8DF2FB7B42}
		{484A13E1-5481-48C5-95E6-43821E564E99} = {B7B88261-8C24-4981-9532-EB8DF2FB7B42}
		{06F00F02-D352-44A1-B42B-B5C2CEB2567A} = {2D4555CF-01E7-4B47-B877-B066E50B3D12}
		{136761E4-C684-4AFF-BF27-E946FCF006A1} = {2D4555CF-01E7-4B47-B877-B066E50B3D12}
		{552B2876-037A-4A14-8E5B-D73907DF5322} = {2D4555CF-01E7-4B47-B877-B066E50B3D12}
		{4809D228-D68A-4F42-A3A4-68C2C4C59166} = {B7B88261-8C24-4981-9532-EB8DF2FB7B42}
		{4228BC52-904F-4BA2-B78E-7BCB85068A82} = {AC2831A2-9182-4935-B323-73B3EC806D1E}
		{36D4AEA7-A112-4943-84CB-E5074BD3EE3E} = {B7B88261-8C24-4981-9532-EB8DF2FB7B42}
		{EC809270-CE46-4204-A0F7-F88A6A4732E9} = {B7B88261-8C24-4981-9532-EB8DF2FB7B42}
		{70B81970-5665-4429-B2B2-7F6FCED5AB84} = {B7B88261-8C24-4981-9532-EB8DF2FB7B42}
		{A2823A9B-088F-42F3-8705-0E69B5282EAE} = {B7B88261-8C24-4981-9532-EB8DF2FB7B42}
		{DE18299E-57DD-420A-9219-31BCCE5A5BC0} = {B7B88261-8C24-4981-9532-EB8DF2FB7B42}
	EndGlobalSection
EndGlobal
